
Microsoft Visual Studio Solution File, Format Version 12.00
# Visual Studio 15
VisualStudioVersion = 15.0.26730.8
MinimumVisualStudioVersion = 10.0.40219.1
Project("{8BC9CEB8-8B4A-11D0-8D11-00A0C91BC942}") = "core", "core\core.vcxproj", "{57DEFDF5-7686-4066-B2E4-E0A144483896}"
EndProject
Project("{8BC9CEB8-8B4A-11D0-8D11-00A0C91BC942}") = "editor", "editor\editor.vcxproj", "{67093C11-BCC7-453D-B45C-F7D308138DD0}"
EndProject
Project("{8BC9CEB8-8B4A-11D0-8D11-00A0C91BC942}") = "engine", "engine\engine.vcxproj", "{1309B465-0870-4036-8B56-8514DACF17A9}"
EndProject
Global
	GlobalSection(SolutionConfigurationPlatforms) = preSolution
		Debug|x64 = Debug|x64
		Debug|x86 = Debug|x86
		Release|x64 = Release|x64
		Release|x86 = Release|x86
	EndGlobalSection
	GlobalSection(ProjectConfigurationPlatforms) = postSolution
		{57DEFDF5-7686-4066-B2E4-E0A144483896}.Debug|x64.ActiveCfg = Debug|x64
		{57DEFDF5-7686-4066-B2E4-E0A144483896}.Debug|x64.Build.0 = Debug|x64
		{57DEFDF5-7686-4066-B2E4-E0A144483896}.Debug|x86.ActiveCfg = Debug|Win32
		{57DEFDF5-7686-4066-B2E4-E0A144483896}.Debug|x86.Build.0 = Debug|Win32
		{57DEFDF5-7686-4066-B2E4-E0A144483896}.Release|x64.ActiveCfg = Release|x64
		{57DEFDF5-7686-4066-B2E4-E0A144483896}.Release|x64.Build.0 = Release|x64
		{57DEFDF5-7686-4066-B2E4-E0A144483896}.Release|x86.ActiveCfg = Release|Win32
		{57DEFDF5-7686-4066-B2E4-E0A144483896}.Release|x86.Build.0 = Release|Win32
		{67093C11-BCC7-453D-B45C-F7D308138DD0}.Debug|x64.ActiveCfg = Debug|x64
		{67093C11-BCC7-453D-B45C-F7D308138DD0}.Debug|x64.Build.0 = Debug|x64
		{67093C11-BCC7-453D-B45C-F7D308138DD0}.Debug|x86.ActiveCfg = Debug|Win32
		{67093C11-BCC7-453D-B45C-F7D308138DD0}.Debug|x86.Build.0 = Debug|Win32
		{67093C11-BCC7-453D-B45C-F7D308138DD0}.Release|x64.ActiveCfg = Release|x64
		{67093C11-BCC7-453D-B45C-F7D308138DD0}.Release|x64.Build.0 = Release|x64
		{67093C11-BCC7-453D-B45C-F7D308138DD0}.Release|x86.ActiveCfg = Release|Win32
		{67093C11-BCC7-453D-B45C-F7D308138DD0}.Release|x86.Build.0 = Release|Win32
		{1309B465-0870-4036-8B56-8514DACF17A9}.Debug|x64.ActiveCfg = Debug|x64
		{1309B465-0870-4036-8B56-8514DACF17A9}.Debug|x64.Build.0 = Debug|x64
		{1309B465-0870-4036-8B56-8514DACF17A9}.Debug|x86.ActiveCfg = Debug|Win32
		{1309B465-0870-4036-8B56-8514DACF17A9}.Debug|x86.Build.0 = Debug|Win32
		{1309B465-0870-4036-8B56-8514DACF17A9}.Release|x64.ActiveCfg = Release|x64
		{1309B465-0870-4036-8B56-8514DACF17A9}.Release|x64.Build.0 = Release|x64
		{1309B465-0870-4036-8B56-8514DACF17A9}.Release|x86.ActiveCfg = Release|Win32
		{1309B465-0870-4036-8B56-8514DACF17A9}.Release|x86.Build.0 = Release|Win32
	EndGlobalSection
	GlobalSection(SolutionProperties) = preSolution
		HideSolutionNode = FALSE
	EndGlobalSection
	GlobalSection(ExtensibilityGlobals) = postSolution
		SolutionGuid = {9A13F278-F859-411A-9819-A320C21FD6B0}
	EndGlobalSection
EndGlobal
